
Microsoft Visual Studio Solution File, Format Version 12.00
# Visual Studio Version 16
VisualStudioVersion = 16.0.31605.320
MinimumVisualStudioVersion = 10.0.40219.1
Project("{FAE04EC0-301F-11D3-BF4B-00C04F79EFBC}") = "Output", "Output\Output.csproj", "{B847FD8B-EF26-4EA3-8320-BFA218AC2E52}"
EndProject
Global
	GlobalSection(SolutionConfigurationPlatforms) = preSolution
		Debug|Any CPU = Debug|Any CPU
		Release|Any CPU = Release|Any CPU
	EndGlobalSection
	GlobalSection(ProjectConfigurationPlatforms) = postSolution
		{B847FD8B-EF26-4EA3-8320-BFA218AC2E52}.Debug|Any CPU.ActiveCfg = Debug|Any CPU
		{B847FD8B-EF26-4EA3-8320-BFA218AC2E52}.Debug|Any CPU.Build.0 = Debug|Any CPU
		{B847FD8B-EF26-4EA3-8320-BFA218AC2E52}.Release|Any CPU.ActiveCfg = Release|Any CPU
		{B847FD8B-EF26-4EA3-8320-BFA218AC2E52}.Release|Any CPU.Build.0 = Release|Any CPU
	EndGlobalSection
	GlobalSection(SolutionProperties) = preSolution
		HideSolutionNode = FALSE
	EndGlobalSection
	GlobalSection(ExtensibilityGlobals) = postSolution
		SolutionGuid = {9AD6719D-1115-45E2-8B10-D08CDEED2B02}
	EndGlobalSection
EndGlobal
